
Microsoft Visual Studio Solution File, Format Version 12.00
# Visual Studio 15
VisualStudioVersion = 15.0.27703.1
MinimumVisualStudioVersion = 10.0.40219.1
Project("{FAE04EC0-301F-11D3-BF4B-00C04F79EFBC}") = "WebAsesores", "WebAsesores\WebAsesores.csproj", "{A8F09B15-76AE-40B2-A55E-DD4A684DCCB5}"
EndProject
Project("{54435603-DBB4-11D2-8724-00A0C9A8B90C}") = "Setup", "Setup\Setup.vdproj", "{10A0E203-2EAB-43EB-961E-B1D5856C7196}"
EndProject
Global
	GlobalSection(SolutionConfigurationPlatforms) = preSolution
		Debug|Any CPU = Debug|Any CPU
		Release|Any CPU = Release|Any CPU
	EndGlobalSection
	GlobalSection(ProjectConfigurationPlatforms) = postSolution
		{A8F09B15-76AE-40B2-A55E-DD4A684DCCB5}.Debug|Any CPU.ActiveCfg = Debug|Any CPU
		{A8F09B15-76AE-40B2-A55E-DD4A684DCCB5}.Debug|Any CPU.Build.0 = Debug|Any CPU
		{A8F09B15-76AE-40B2-A55E-DD4A684DCCB5}.Release|Any CPU.ActiveCfg = Release|Any CPU
		{A8F09B15-76AE-40B2-A55E-DD4A684DCCB5}.Release|Any CPU.Build.0 = Release|Any CPU
		{10A0E203-2EAB-43EB-961E-B1D5856C7196}.Debug|Any CPU.ActiveCfg = Debug
		{10A0E203-2EAB-43EB-961E-B1D5856C7196}.Release|Any CPU.ActiveCfg = Release
	EndGlobalSection
	GlobalSection(SolutionProperties) = preSolution
		HideSolutionNode = FALSE
	EndGlobalSection
	GlobalSection(ExtensibilityGlobals) = postSolution
		SolutionGuid = {DA42BB40-42AB-441D-A44A-DB44914DD83B}
	EndGlobalSection
EndGlobal
